
Microsoft Visual Studio Solution File, Format Version 12.00
# Visual Studio Version 16
VisualStudioVersion = 16.0.30803.129
MinimumVisualStudioVersion = 10.0.40219.1
Project("{9A19103F-16F7-4668-BE54-9A1E7A4F7556}") = "dotnetcore-circleci-sample", "dotnetcore-circleci-sample\dotnetcore-circleci-sample.csproj", "{EC9AD7BF-05BC-48D5-A58E-52B57E35F11C}"
EndProject
Project("{9A19103F-16F7-4668-BE54-9A1E7A4F7556}") = "dotnetcore-git-submodule-sample", "dotnetcore-git-submodule-sample\dotnetcore-git-submodule-sample\dotnetcore-git-submodule-sample.csproj", "{6455F3EE-845D-4862-B72D-00E7B5649D70}"
EndProject
Global
	GlobalSection(SolutionConfigurationPlatforms) = preSolution
		Debug|Any CPU = Debug|Any CPU
		Release|Any CPU = Release|Any CPU
	EndGlobalSection
	GlobalSection(ProjectConfigurationPlatforms) = postSolution
		{EC9AD7BF-05BC-48D5-A58E-52B57E35F11C}.Debug|Any CPU.ActiveCfg = Debug|Any CPU
		{EC9AD7BF-05BC-48D5-A58E-52B57E35F11C}.Debug|Any CPU.Build.0 = Debug|Any CPU
		{EC9AD7BF-05BC-48D5-A58E-52B57E35F11C}.Release|Any CPU.ActiveCfg = Release|Any CPU
		{EC9AD7BF-05BC-48D5-A58E-52B57E35F11C}.Release|Any CPU.Build.0 = Release|Any CPU
		{6455F3EE-845D-4862-B72D-00E7B5649D70}.Debug|Any CPU.ActiveCfg = Debug|Any CPU
		{6455F3EE-845D-4862-B72D-00E7B5649D70}.Debug|Any CPU.Build.0 = Debug|Any CPU
		{6455F3EE-845D-4862-B72D-00E7B5649D70}.Release|Any CPU.ActiveCfg = Release|Any CPU
		{6455F3EE-845D-4862-B72D-00E7B5649D70}.Release|Any CPU.Build.0 = Release|Any CPU
	EndGlobalSection
	GlobalSection(SolutionProperties) = preSolution
		HideSolutionNode = FALSE
	EndGlobalSection
	GlobalSection(ExtensibilityGlobals) = postSolution
		SolutionGuid = {C3B040EB-9612-4F7D-B913-EC207A4EECB6}
	EndGlobalSection
EndGlobal
