
Microsoft Visual Studio Solution File, Format Version 12.00
# Visual Studio Version 16
VisualStudioVersion = 16.0.30803.129
MinimumVisualStudioVersion = 10.0.40219.1
Project("{FAE04EC0-301F-11D3-BF4B-00C04F79EFBC}") = "dotnetcore-circleci-sample", "dotnetcore-circleci-sample\dotnetcore-circleci-sample.csproj", "{EC9AD7BF-05BC-48D5-A58E-52B57E35F11C}"
EndProject
Global
	GlobalSection(SolutionConfigurationPlatforms) = preSolution
		Debug|Any CPU = Debug|Any CPU
		Release|Any CPU = Release|Any CPU
	EndGlobalSection
	GlobalSection(ProjectConfigurationPlatforms) = postSolution
		{EC9AD7BF-05BC-48D5-A58E-52B57E35F11C}.Debug|Any CPU.ActiveCfg = Debug|Any CPU
		{EC9AD7BF-05BC-48D5-A58E-52B57E35F11C}.Debug|Any CPU.Build.0 = Debug|Any CPU
		{EC9AD7BF-05BC-48D5-A58E-52B57E35F11C}.Release|Any CPU.ActiveCfg = Release|Any CPU
		{EC9AD7BF-05BC-48D5-A58E-52B57E35F11C}.Release|Any CPU.Build.0 = Release|Any CPU
	EndGlobalSection
	GlobalSection(SolutionProperties) = preSolution
		HideSolutionNode = FALSE
	EndGlobalSection
	GlobalSection(ExtensibilityGlobals) = postSolution
		SolutionGuid = {C3B040EB-9612-4F7D-B913-EC207A4EECB6}
	EndGlobalSection
EndGlobal
